
Microsoft Visual Studio Solution File, Format Version 12.00
# Visual Studio Version 17
VisualStudioVersion = 17.4.33213.308
MinimumVisualStudioVersion = 10.0.40219.1
Project("{FAE04EC0-301F-11D3-BF4B-00C04F79EFBC}") = "Bulrise 1.0", "Bulrise 1.0.csproj", "{50FCB7B7-ACCA-4D3A-BB1B-6635F3BF3809}"
EndProject
Global
	GlobalSection(SolutionConfigurationPlatforms) = preSolution
		Debug|Any CPU = Debug|Any CPU
		Release|Any CPU = Release|Any CPU
	EndGlobalSection
	GlobalSection(ProjectConfigurationPlatforms) = postSolution
		{50FCB7B7-ACCA-4D3A-BB1B-6635F3BF3809}.Debug|Any CPU.ActiveCfg = Debug|Any CPU
		{50FCB7B7-ACCA-4D3A-BB1B-6635F3BF3809}.Debug|Any CPU.Build.0 = Debug|Any CPU
		{50FCB7B7-ACCA-4D3A-BB1B-6635F3BF3809}.Release|Any CPU.ActiveCfg = Release|Any CPU
		{50FCB7B7-ACCA-4D3A-BB1B-6635F3BF3809}.Release|Any CPU.Build.0 = Release|Any CPU
	EndGlobalSection
	GlobalSection(SolutionProperties) = preSolution
		HideSolutionNode = FALSE
	EndGlobalSection
	GlobalSection(ExtensibilityGlobals) = postSolution
		SolutionGuid = {08001F42-79BE-409F-A750-02FE7A244773}
	EndGlobalSection
EndGlobal
